// !$*UTF8*$!
{
	archiveVersion = 1;
	classes = {
	};
	objectVersion = 48;
	objects = {

/* Begin PBXBuildFile section */
		53B3A8E21FB4C51900159DE7 /* AppDelegate.swift in Sources */ = {isa = PBXBuildFile; fileRef = 53B3A8E11FB4C51900159DE7 /* AppDelegate.swift */; };
		53B3A8E41FB4C51900159DE7 /* ViewController.swift in Sources */ = {isa = PBXBuildFile; fileRef = 53B3A8E31FB4C51900159DE7 /* ViewController.swift */; };
		53B3A8E71FB4C51900159DE7 /* Main.storyboard in Resources */ = {isa = PBXBuildFile; fileRef = 53B3A8E51FB4C51900159DE7 /* Main.storyboard */; };
		53B3A8EA1FB4C51900159DE7 /* Math_Game.xcdatamodeld in Sources */ = {isa = PBXBuildFile; fileRef = 53B3A8E81FB4C51900159DE7 /* Math_Game.xcdatamodeld */; };
		53B3A8EC1FB4C51900159DE7 /* Assets.xcassets in Resources */ = {isa = PBXBuildFile; fileRef = 53B3A8EB1FB4C51900159DE7 /* Assets.xcassets */; };
		53B3A8EF1FB4C51900159DE7 /* LaunchScreen.storyboard in Resources */ = {isa = PBXBuildFile; fileRef = 53B3A8ED1FB4C51900159DE7 /* LaunchScreen.storyboard */; };
		53B3A8FA1FB4C51900159DE7 /* Math_GameTests.swift in Sources */ = {isa = PBXBuildFile; fileRef = 53B3A8F91FB4C51900159DE7 /* Math_GameTests.swift */; };
		53B3A9051FB4C51900159DE7 /* Math_GameUITests.swift in Sources */ = {isa = PBXBuildFile; fileRef = 53B3A9041FB4C51900159DE7 /* Math_GameUITests.swift */; };
/* End PBXBuildFile section */

/* Begin PBXContainerItemProxy section */
		53B3A8F61FB4C51900159DE7 /* PBXContainerItemProxy */ = {
			isa = PBXContainerItemProxy;
			containerPortal = 53B3A8D61FB4C51900159DE7 /* Project object */;
			proxyType = 1;
			remoteGlobalIDString = 53B3A8DD1FB4C51900159DE7;
			remoteInfo = "Math Game";
		};
		53B3A9011FB4C51900159DE7 /* PBXContainerItemProxy */ = {
			isa = PBXContainerItemProxy;
			containerPortal = 53B3A8D61FB4C51900159DE7 /* Project object */;
			proxyType = 1;
			remoteGlobalIDString = 53B3A8DD1FB4C51900159DE7;
			remoteInfo = "Math Game";
		};
/* End PBXContainerItemProxy section */

/* Begin PBXFileReference section */
		53B3A8DE1FB4C51900159DE7 /* Math Game.app */ = {isa = PBXFileReference; explicitFileType = wrapper.application; includeInIndex = 0; path = "Math Game.app"; sourceTree = BUILT_PRODUCTS_DIR; };
		53B3A8E11FB4C51900159DE7 /* AppDelegate.swift */ = {isa = PBXFileReference; lastKnownFileType = sourcecode.swift; path = AppDelegate.swift; sourceTree = "<group>"; };
		53B3A8E31FB4C51900159DE7 /* ViewController.swift */ = {isa = PBXFileReference; lastKnownFileType = sourcecode.swift; path = ViewController.swift; sourceTree = "<group>"; };
		53B3A8E61FB4C51900159DE7 /* Base */ = {isa = PBXFileReference; lastKnownFileType = file.storyboard; name = Base; path = Base.lproj/Main.storyboard; sourceTree = "<group>"; };
		53B3A8E91FB4C51900159DE7 /* Math_Game.xcdatamodel */ = {isa = PBXFileReference; lastKnownFileType = wrapper.xcdatamodel; path = Math_Game.xcdatamodel; sourceTree = "<group>"; };
		53B3A8EB1FB4C51900159DE7 /* Assets.xcassets */ = {isa = PBXFileReference; lastKnownFileType = folder.assetcatalog; path = Assets.xcassets; sourceTree = "<group>"; };
		53B3A8EE1FB4C51900159DE7 /* Base */ = {isa = PBXFileReference; lastKnownFileType = file.storyboard; name = Base; path = Base.lproj/LaunchScreen.storyboard; sourceTree = "<group>"; };
		53B3A8F01FB4C51900159DE7 /* Info.plist */ = {isa = PBXFileReference; lastKnownFileType = text.plist.xml; path = Info.plist; sourceTree = "<group>"; };
		53B3A8F51FB4C51900159DE7 /* Math GameTests.xctest */ = {isa = PBXFileReference; explicitFileType = wrapper.cfbundle; includeInIndex = 0; path = "Math GameTests.xctest"; sourceTree = BUILT_PRODUCTS_DIR; };
		53B3A8F91FB4C51900159DE7 /* Math_GameTests.swift */ = {isa = PBXFileReference; lastKnownFileType = sourcecode.swift; path = Math_GameTests.swift; sourceTree = "<group>"; };
		53B3A8FB1FB4C51900159DE7 /* Info.plist */ = {isa = PBXFileReference; lastKnownFileType = text.plist.xml; path = Info.plist; sourceTree = "<group>"; };
		53B3A9001FB4C51900159DE7 /* Math GameUITests.xctest */ = {isa = PBXFileReference; explicitFileType = wrapper.cfbundle; includeInIndex = 0; path = "Math GameUITests.xctest"; sourceTree = BUILT_PRODUCTS_DIR; };
		53B3A9041FB4C51900159DE7 /* Math_GameUITests.swift */ = {isa = PBXFileReference; lastKnownFileType = sourcecode.swift; path = Math_GameUITests.swift; sourceTree = "<group>"; };
		53B3A9061FB4C51900159DE7 /* Info.plist */ = {isa = PBXFileReference; lastKnownFileType = text.plist.xml; path = Info.plist; sourceTree = "<group>"; };
/* End PBXFileReference section */

/* Begin PBXFrameworksBuildPhase section */
		53B3A8DB1FB4C51900159DE7 /* Frameworks */ = {
			isa = PBXFrameworksBuildPhase;
			buildActionMask = 2147483647;
			files = (
			);
			runOnlyForDeploymentPostprocessing = 0;
		};
		53B3A8F21FB4C51900159DE7 /* Frameworks */ = {
			isa = PBXFrameworksBuildPhase;
			buildActionMask = 2147483647;
			files = (
			);
			runOnlyForDeploymentPostprocessing = 0;
		};
		53B3A8FD1FB4C51900159DE7 /* Frameworks */ = {
			isa = PBXFrameworksBuildPhase;
			buildActionMask = 2147483647;
			files = (
			);
			runOnlyForDeploymentPostprocessing = 0;
		};
/* End PBXFrameworksBuildPhase section */

/* Begin PBXGroup section */
		53B3A8D51FB4C51900159DE7 = {
			isa = PBXGroup;
			children = (
				53B3A8E01FB4C51900159DE7 /* Math Game */,
				53B3A8F81FB4C51900159DE7 /* Math GameTests */,
				53B3A9031FB4C51900159DE7 /* Math GameUITests */,
				53B3A8DF1FB4C51900159DE7 /* Products */,
			);
			sourceTree = "<group>";
		};
		53B3A8DF1FB4C51900159DE7 /* Products */ = {
			isa = PBXGroup;
			children = (
				53B3A8DE1FB4C51900159DE7 /* Math Game.app */,
				53B3A8F51FB4C51900159DE7 /* Math GameTests.xctest */,
				53B3A9001FB4C51900159DE7 /* Math GameUITests.xctest */,
			);
			name = Products;
			sourceTree = "<group>";
		};
		53B3A8E01FB4C51900159DE7 /* Math Game */ = {
			isa = PBXGroup;
			children = (
				53B3A8E11FB4C51900159DE7 /* AppDelegate.swift */,
				53B3A8E31FB4C51900159DE7 /* ViewController.swift */,
				53B3A8E51FB4C51900159DE7 /* Main.storyboard */,
				53B3A8EB1FB4C51900159DE7 /* Assets.xcassets */,
				53B3A8ED1FB4C51900159DE7 /* LaunchScreen.storyboard */,
				53B3A8F01FB4C51900159DE7 /* Info.plist */,
				53B3A8E81FB4C51900159DE7 /* Math_Game.xcdatamodeld */,
			);
			path = "Math Game";
			sourceTree = "<group>";
		};
		53B3A8F81FB4C51900159DE7 /* Math GameTests */ = {
			isa = PBXGroup;
			children = (
				53B3A8F91FB4C51900159DE7 /* Math_GameTests.swift */,
				53B3A8FB1FB4C51900159DE7 /* Info.plist */,
			);
			path = "Math GameTests";
			sourceTree = "<group>";
		};
		53B3A9031FB4C51900159DE7 /* Math GameUITests */ = {
			isa = PBXGroup;
			children = (
				53B3A9041FB4C51900159DE7 /* Math_GameUITests.swift */,
				53B3A9061FB4C51900159DE7 /* Info.plist */,
			);
			path = "Math GameUITests";
			sourceTree = "<group>";
		};
/* End PBXGroup section */

/* Begin PBXNativeTarget section */
		53B3A8DD1FB4C51900159DE7 /* Math Game */ = {
			isa = PBXNativeTarget;
			buildConfigurationList = 53B3A9091FB4C51900159DE7 /* Build configuration list for PBXNativeTarget "Math Game" */;
			buildPhases = (
				53B3A8DA1FB4C51900159DE7 /* Sources */,
				53B3A8DB1FB4C51900159DE7 /* Frameworks */,
				53B3A8DC1FB4C51900159DE7 /* Resources */,
			);
			buildRules = (
			);
			dependencies = (
			);
			name = "Math Game";
			productName = "Math Game";
			productReference = 53B3A8DE1FB4C51900159DE7 /* Math Game.app */;
			productType = "com.apple.product-type.application";
		};
		53B3A8F41FB4C51900159DE7 /* Math GameTests */ = {
			isa = PBXNativeTarget;
			buildConfigurationList = 53B3A90C1FB4C51900159DE7 /* Build configuration list for PBXNativeTarget "Math GameTests" */;
			buildPhases = (
				53B3A8F11FB4C51900159DE7 /* Sources */,
				53B3A8F21FB4C51900159DE7 /* Frameworks */,
				53B3A8F31FB4C51900159DE7 /* Resources */,
			);
			buildRules = (
			);
			dependencies = (
				53B3A8F71FB4C51900159DE7 /* PBXTargetDependency */,
			);
			name = "Math GameTests";
			productName = "Math GameTests";
			productReference = 53B3A8F51FB4C51900159DE7 /* Math GameTests.xctest */;
			productType = "com.apple.product-type.bundle.unit-test";
		};
		53B3A8FF1FB4C51900159DE7 /* Math GameUITests */ = {
			isa = PBXNativeTarget;
			buildConfigurationList = 53B3A90F1FB4C51900159DE7 /* Build configuration list for PBXNativeTarget "Math GameUITests" */;
			buildPhases = (
				53B3A8FC1FB4C51900159DE7 /* Sources */,
				53B3A8FD1FB4C51900159DE7 /* Frameworks */,
				53B3A8FE1FB4C51900159DE7 /* Resources */,
			);
			buildRules = (
			);
			dependencies = (
				53B3A9021FB4C51900159DE7 /* PBXTargetDependency */,
			);
			name = "Math GameUITests";
			productName = "Math GameUITests";
			productReference = 53B3A9001FB4C51900159DE7 /* Math GameUITests.xctest */;
			productType = "com.apple.product-type.bundle.ui-testing";
		};
/* End PBXNativeTarget section */

/* Begin PBXProject section */
		53B3A8D61FB4C51900159DE7 /* Project object */ = {
			isa = PBXProject;
			attributes = {
				LastSwiftUpdateCheck = 0910;
				LastUpgradeCheck = 0910;
				ORGANIZATIONNAME = "Rafael d'Escoffier";
				TargetAttributes = {
					53B3A8DD1FB4C51900159DE7 = {
						CreatedOnToolsVersion = 9.1;
						ProvisioningStyle = Automatic;
					};
					53B3A8F41FB4C51900159DE7 = {
						CreatedOnToolsVersion = 9.1;
						ProvisioningStyle = Automatic;
						TestTargetID = 53B3A8DD1FB4C51900159DE7;
					};
					53B3A8FF1FB4C51900159DE7 = {
						CreatedOnToolsVersion = 9.1;
						ProvisioningStyle = Automatic;
						TestTargetID = 53B3A8DD1FB4C51900159DE7;
					};
				};
			};
			buildConfigurationList = 53B3A8D91FB4C51900159DE7 /* Build configuration list for PBXProject "Math Game" */;
			compatibilityVersion = "Xcode 8.0";
			developmentRegion = en;
			hasScannedForEncodings = 0;
			knownRegions = (
				en,
				Base,
			);
			mainGroup = 53B3A8D51FB4C51900159DE7;
			productRefGroup = 53B3A8DF1FB4C51900159DE7 /* Products */;
			projectDirPath = "";
			projectRoot = "";
			targets = (
				53B3A8DD1FB4C51900159DE7 /* Math Game */,
				53B3A8F41FB4C51900159DE7 /* Math GameTests */,
				53B3A8FF1FB4C51900159DE7 /* Math GameUITests */,
			);
		};
/* End PBXProject section */

/* Begin PBXResourcesBuildPhase section */
		53B3A8DC1FB4C51900159DE7 /* Resources */ = {
			isa = PBXResourcesBuildPhase;
			buildActionMask = 2147483647;
			files = (
				53B3A8EF1FB4C51900159DE7 /* LaunchScreen.storyboard in Resources */,
				53B3A8EC1FB4C51900159DE7 /* Assets.xcassets in Resources */,
				53B3A8E71FB4C51900159DE7 /* Main.storyboard in Resources */,
			);
			runOnlyForDeploymentPostprocessing = 0;
		};
		53B3A8F31FB4C51900159DE7 /* Resources */ = {
			isa = PBXResourcesBuildPhase;
			buildActionMask = 2147483647;
			files = (
			);
			runOnlyForDeploymentPostprocessing = 0;
		};
		53B3A8FE1FB4C51900159DE7 /* Resources */ = {
			isa = PBXResourcesBuildPhase;
			buildActionMask = 2147483647;
			files = (
			);
			runOnlyForDeploymentPostprocessing = 0;
		};
/* End PBXResourcesBuildPhase section */

/* Begin PBXSourcesBuildPhase section */
		53B3A8DA1FB4C51900159DE7 /* Sources */ = {
			isa = PBXSourcesBuildPhase;
			buildActionMask = 2147483647;
			files = (
				53B3A8E41FB4C51900159DE7 /* ViewController.swift in Sources */,
				53B3A8E21FB4C51900159DE7 /* AppDelegate.swift in Sources */,
				53B3A8EA1FB4C51900159DE7 /* Math_Game.xcdatamodeld in Sources */,
			);
			runOnlyForDeploymentPostprocessing = 0;
		};
		53B3A8F11FB4C51900159DE7 /* Sources */ = {
			isa = PBXSourcesBuildPhase;
			buildActionMask = 2147483647;
			files = (
				53B3A8FA1FB4C51900159DE7 /* Math_GameTests.swift in Sources */,
			);
			runOnlyForDeploymentPostprocessing = 0;
		};
		53B3A8FC1FB4C51900159DE7 /* Sources */ = {
			isa = PBXSourcesBuildPhase;
			buildActionMask = 2147483647;
			files = (
				53B3A9051FB4C51900159DE7 /* Math_GameUITests.swift in Sources */,
			);
			runOnlyForDeploymentPostprocessing = 0;
		};
/* End PBXSourcesBuildPhase section */

/* Begin PBXTargetDependency section */
		53B3A8F71FB4C51900159DE7 /* PBXTargetDependency */ = {
			isa = PBXTargetDependency;
			target = 53B3A8DD1FB4C51900159DE7 /* Math Game */;
			targetProxy = 53B3A8F61FB4C51900159DE7 /* PBXContainerItemProxy */;
		};
		53B3A9021FB4C51900159DE7 /* PBXTargetDependency */ = {
			isa = PBXTargetDependency;
			target = 53B3A8DD1FB4C51900159DE7 /* Math Game */;
			targetProxy = 53B3A9011FB4C51900159DE7 /* PBXContainerItemProxy */;
		};
/* End PBXTargetDependency section */

/* Begin PBXVariantGroup section */
		53B3A8E51FB4C51900159DE7 /* Main.storyboard */ = {
			isa = PBXVariantGroup;
			children = (
				53B3A8E61FB4C51900159DE7 /* Base */,
			);
			name = Main.storyboard;
			sourceTree = "<group>";
		};
		53B3A8ED1FB4C51900159DE7 /* LaunchScreen.storyboard */ = {
			isa = PBXVariantGroup;
			children = (
				53B3A8EE1FB4C51900159DE7 /* Base */,
			);
			name = LaunchScreen.storyboard;
			sourceTree = "<group>";
		};
/* End PBXVariantGroup section */

/* Begin XCBuildConfiguration section */
		53B3A9071FB4C51900159DE7 /* Debug */ = {
			isa = XCBuildConfiguration;
			buildSettings = {
				ALWAYS_SEARCH_USER_PATHS = NO;
				CLANG_ANALYZER_NONNULL = YES;
				CLANG_ANALYZER_NUMBER_OBJECT_CONVERSION = YES_AGGRESSIVE;
				CLANG_CXX_LANGUAGE_STANDARD = "gnu++14";
				CLANG_CXX_LIBRARY = "libc++";
				CLANG_ENABLE_MODULES = YES;
				CLANG_ENABLE_OBJC_ARC = YES;
				CLANG_WARN_BLOCK_CAPTURE_AUTORELEASING = YES;
				CLANG_WARN_BOOL_CONVERSION = YES;
				CLANG_WARN_COMMA = YES;
				CLANG_WARN_CONSTANT_CONVERSION = YES;
				CLANG_WARN_DIRECT_OBJC_ISA_USAGE = YES_ERROR;
				CLANG_WARN_DOCUMENTATION_COMMENTS = YES;
				CLANG_WARN_EMPTY_BODY = YES;
				CLANG_WARN_ENUM_CONVERSION = YES;
				CLANG_WARN_INFINITE_RECURSION = YES;
				CLANG_WARN_INT_CONVERSION = YES;
				CLANG_WARN_NON_LITERAL_NULL_CONVERSION = YES;
				CLANG_WARN_OBJC_LITERAL_CONVERSION = YES;
				CLANG_WARN_OBJC_ROOT_CLASS = YES_ERROR;
				CLANG_WARN_RANGE_LOOP_ANALYSIS = YES;
				CLANG_WARN_STRICT_PROTOTYPES = YES;
				CLANG_WARN_SUSPICIOUS_MOVE = YES;
				CLANG_WARN_UNGUARDED_AVAILABILITY = YES_AGGRESSIVE;
				CLANG_WARN_UNREACHABLE_CODE = YES;
				CLANG_WARN__DUPLICATE_METHOD_MATCH = YES;
				CODE_SIGN_IDENTITY = "iPhone Developer";
				COPY_PHASE_STRIP = NO;
				DEBUG_INFORMATION_FORMAT = dwarf;
				ENABLE_STRICT_OBJC_MSGSEND = YES;
				ENABLE_TESTABILITY = YES;
				GCC_C_LANGUAGE_STANDARD = gnu11;
				GCC_DYNAMIC_NO_PIC = NO;
				GCC_NO_COMMON_BLOCKS = YES;
				GCC_OPTIMIZATION_LEVEL = 0;
				GCC_PREPROCESSOR_DEFINITIONS = (
					"DEBUG=1",
					"$(inherited)",
				);
				GCC_WARN_64_TO_32_BIT_CONVERSION = YES;
				GCC_WARN_ABOUT_RETURN_TYPE = YES_ERROR;
				GCC_WARN_UNDECLARED_SELECTOR = YES;
				GCC_WARN_UNINITIALIZED_AUTOS = YES_AGGRESSIVE;
				GCC_WARN_UNUSED_FUNCTION = YES;
				GCC_WARN_UNUSED_VARIABLE = YES;
				IPHONEOS_DEPLOYMENT_TARGET = 11.1;
				MTL_ENABLE_DEBUG_INFO = YES;
				ONLY_ACTIVE_ARCH = YES;
				SDKROOT = iphoneos;
				SWIFT_ACTIVE_COMPILATION_CONDITIONS = DEBUG;
				SWIFT_OPTIMIZATION_LEVEL = "-Onone";
			};
			name = Debug;
		};
		53B3A9081FB4C51900159DE7 /* Release */ = {
			isa = XCBuildConfiguration;
			buildSettings = {
				ALWAYS_SEARCH_USER_PATHS = NO;
				CLANG_ANALYZER_NONNULL = YES;
				CLANG_ANALYZER_NUMBER_OBJECT_CONVERSION = YES_AGGRESSIVE;
				CLANG_CXX_LANGUAGE_STANDARD = "gnu++14";
				CLANG_CXX_LIBRARY = "libc++";
				CLANG_ENABLE_MODULES = YES;
				CLANG_ENABLE_OBJC_ARC = YES;
				CLANG_WARN_BLOCK_CAPTURE_AUTORELEASING = YES;
				CLANG_WARN_BOOL_CONVERSION = YES;
				CLANG_WARN_COMMA = YES;
				CLANG_WARN_CONSTANT_CONVERSION = YES;
				CLANG_WARN_DIRECT_OBJC_ISA_USAGE = YES_ERROR;
				CLANG_WARN_DOCUMENTATION_COMMENTS = YES;
				CLANG_WARN_EMPTY_BODY = YES;
				CLANG_WARN_ENUM_CONVERSION = YES;
				CLANG_WARN_INFINITE_RECURSION = YES;
				CLANG_WARN_INT_CONVERSION = YES;
				CLANG_WARN_NON_LITERAL_NULL_CONVERSION = YES;
				CLANG_WARN_OBJC_LITERAL_CONVERSION = YES;
				CLANG_WARN_OBJC_ROOT_CLASS = YES_ERROR;
				CLANG_WARN_RANGE_LOOP_ANALYSIS = YES;
				CLANG_WARN_STRICT_PROTOTYPES = YES;
				CLANG_WARN_SUSPICIOUS_MOVE = YES;
				CLANG_WARN_UNGUARDED_AVAILABILITY = YES_AGGRESSIVE;
				CLANG_WARN_UNREACHABLE_CODE = YES;
				CLANG_WARN__DUPLICATE_METHOD_MATCH = YES;
				CODE_SIGN_IDENTITY = "iPhone Developer";
				COPY_PHASE_STRIP = NO;
				DEBUG_INFORMATION_FORMAT = "dwarf-with-dsym";
				ENABLE_NS_ASSERTIONS = NO;
				ENABLE_STRICT_OBJC_MSGSEND = YES;
				GCC_C_LANGUAGE_STANDARD = gnu11;
				GCC_NO_COMMON_BLOCKS = YES;
				GCC_WARN_64_TO_32_BIT_CONVERSION = YES;
				GCC_WARN_ABOUT_RETURN_TYPE = YES_ERROR;
				GCC_WARN_UNDECLARED_SELECTOR = YES;
				GCC_WARN_UNINITIALIZED_AUTOS = YES_AGGRESSIVE;
				GCC_WARN_UNUSED_FUNCTION = YES;
				GCC_WARN_UNUSED_VARIABLE = YES;
				IPHONEOS_DEPLOYMENT_TARGET = 11.1;
				MTL_ENABLE_DEBUG_INFO = NO;
				SDKROOT = iphoneos;
				SWIFT_OPTIMIZATION_LEVEL = "-Owholemodule";
				VALIDATE_PRODUCT = YES;
			};
			name = Release;
		};
		53B3A90A1FB4C51900159DE7 /* Debug */ = {
			isa = XCBuildConfiguration;
			buildSettings = {
				ASSETCATALOG_COMPILER_APPICON_NAME = AppIcon;
				CODE_SIGN_STYLE = Automatic;
				INFOPLIST_FILE = "Math Game/Info.plist";
				LD_RUNPATH_SEARCH_PATHS = "$(inherited) @executable_path/Frameworks";
				PRODUCT_BUNDLE_IDENTIFIER = "com.rafaelescoffier.Math-Game";
				PRODUCT_NAME = "$(TARGET_NAME)";
				SWIFT_VERSION = 4.0;
				TARGETED_DEVICE_FAMILY = "1,2";
			};
			name = Debug;
		};
		53B3A90B1FB4C51900159DE7 /* Release */ = {
			isa = XCBuildConfiguration;
			buildSettings = {
				ASSETCATALOG_COMPILER_APPICON_NAME = AppIcon;
				CODE_SIGN_STYLE = Automatic;
				INFOPLIST_FILE = "Math Game/Info.plist";
				LD_RUNPATH_SEARCH_PATHS = "$(inherited) @executable_path/Frameworks";
				PRODUCT_BUNDLE_IDENTIFIER = "com.rafaelescoffier.Math-Game";
				PRODUCT_NAME = "$(TARGET_NAME)";
				SWIFT_VERSION = 4.0;
				TARGETED_DEVICE_FAMILY = "1,2";
			};
			name = Release;
		};
		53B3A90D1FB4C51900159DE7 /* Debug */ = {
			isa = XCBuildConfiguration;
			buildSettings = {
				ALWAYS_EMBED_SWIFT_STANDARD_LIBRARIES = YES;
				BUNDLE_LOADER = "$(TEST_HOST)";
				CODE_SIGN_STYLE = Automatic;
				INFOPLIST_FILE = "Math GameTests/Info.plist";
				LD_RUNPATH_SEARCH_PATHS = "$(inherited) @executable_path/Frameworks @loader_path/Frameworks";
				PRODUCT_BUNDLE_IDENTIFIER = "com.rafaelescoffier.Math-GameTests";
				PRODUCT_NAME = "$(TARGET_NAME)";
				SWIFT_VERSION = 4.0;
				TARGETED_DEVICE_FAMILY = "1,2";
				TEST_HOST = "$(BUILT_PRODUCTS_DIR)/Math Game.app/Math Game";
			};
			name = Debug;
		};
		53B3A90E1FB4C51900159DE7 /* Release */ = {
			isa = XCBuildConfiguration;
			buildSettings = {
				ALWAYS_EMBED_SWIFT_STANDARD_LIBRARIES = YES;
				BUNDLE_LOADER = "$(TEST_HOST)";
				CODE_SIGN_STYLE = Automatic;
				INFOPLIST_FILE = "Math GameTests/Info.plist";
				LD_RUNPATH_SEARCH_PATHS = "$(inherited) @executable_path/Frameworks @loader_path/Frameworks";
				PRODUCT_BUNDLE_IDENTIFIER = "com.rafaelescoffier.Math-GameTests";
				PRODUCT_NAME = "$(TARGET_NAME)";
				SWIFT_VERSION = 4.0;
				TARGETED_DEVICE_FAMILY = "1,2";
				TEST_HOST = "$(BUILT_PRODUCTS_DIR)/Math Game.app/Math Game";
			};
			name = Release;
		};
		53B3A9101FB4C51900159DE7 /* Debug */ = {
			isa = XCBuildConfiguration;
			buildSettings = {
				ALWAYS_EMBED_SWIFT_STANDARD_LIBRARIES = YES;
				CODE_SIGN_STYLE = Automatic;
				INFOPLIST_FILE = "Math GameUITests/Info.plist";
				LD_RUNPATH_SEARCH_PATHS = "$(inherited) @executable_path/Frameworks @loader_path/Frameworks";
				PRODUCT_BUNDLE_IDENTIFIER = "com.rafaelescoffier.Math-GameUITests";
				PRODUCT_NAME = "$(TARGET_NAME)";
				SWIFT_VERSION = 4.0;
				TARGETED_DEVICE_FAMILY = "1,2";
				TEST_TARGET_NAME = "Math Game";
			};
			name = Debug;
		};
		53B3A9111FB4C51900159DE7 /* Release */ = {
			isa = XCBuildConfiguration;
			buildSettings = {
				ALWAYS_EMBED_SWIFT_STANDARD_LIBRARIES = YES;
				CODE_SIGN_STYLE = Automatic;
				INFOPLIST_FILE = "Math GameUITests/Info.plist";
				LD_RUNPATH_SEARCH_PATHS = "$(inherited) @executable_path/Frameworks @loader_path/Frameworks";
				PRODUCT_BUNDLE_IDENTIFIER = "com.rafaelescoffier.Math-GameUITests";
				PRODUCT_NAME = "$(TARGET_NAME)";
				SWIFT_VERSION = 4.0;
				TARGETED_DEVICE_FAMILY = "1,2";
				TEST_TARGET_NAME = "Math Game";
			};
			name = Release;
		};
/* End XCBuildConfiguration section */

/* Begin XCConfigurationList section */
		53B3A8D91FB4C51900159DE7 /* Build configuration list for PBXProject "Math Game" */ = {
			isa = XCConfigurationList;
			buildConfigurations = (
				53B3A9071FB4C51900159DE7 /* Debug */,
				53B3A9081FB4C51900159DE7 /* Release */,
			);
			defaultConfigurationIsVisible = 0;
			defaultConfigurationName = Release;
		};
		53B3A9091FB4C51900159DE7 /* Build configuration list for PBXNativeTarget "Math Game" */ = {
			isa = XCConfigurationList;
			buildConfigurations = (
				53B3A90A1FB4C51900159DE7 /* Debug */,
				53B3A90B1FB4C51900159DE7 /* Release */,
			);
			defaultConfigurationIsVisible = 0;
			defaultConfigurationName = Release;
		};
		53B3A90C1FB4C51900159DE7 /* Build configuration list for PBXNativeTarget "Math GameTests" */ = {
			isa = XCConfigurationList;
			buildConfigurations = (
				53B3A90D1FB4C51900159DE7 /* Debug */,
				53B3A90E1FB4C51900159DE7 /* Release */,
			);
			defaultConfigurationIsVisible = 0;
			defaultConfigurationName = Release;
		};
		53B3A90F1FB4C51900159DE7 /* Build configuration list for PBXNativeTarget "Math GameUITests" */ = {
			isa = XCConfigurationList;
			buildConfigurations = (
				53B3A9101FB4C51900159DE7 /* Debug */,
				53B3A9111FB4C51900159DE7 /* Release */,
			);
			defaultConfigurationIsVisible = 0;
			defaultConfigurationName = Release;
		};
/* End XCConfigurationList section */

/* Begin XCVersionGroup section */
		53B3A8E81FB4C51900159DE7 /* Math_Game.xcdatamodeld */ = {
			isa = XCVersionGroup;
			children = (
				53B3A8E91FB4C51900159DE7 /* Math_Game.xcdatamodel */,
			);
			currentVersion = 53B3A8E91FB4C51900159DE7 /* Math_Game.xcdatamodel */;
			path = Math_Game.xcdatamodeld;
			sourceTree = "<group>";
			versionGroupType = wrapper.xcdatamodel;
		};
/* End XCVersionGroup section */
	};
	rootObject = 53B3A8D61FB4C51900159DE7 /* Project object */;
}
